// !$*UTF8*$!
{
	archiveVersion = 1;
	classes = {
	};
	objectVersion = 56;
	objects = {

/* Begin PBXBuildFile section */
		0C64FB392A0E1E1600AB9E8B /* SideMenuView.swift in Sources */ = {isa = PBXBuildFile; fileRef = 0C64FB382A0E1E1600AB9E8B /* SideMenuView.swift */; };
		0C64FB3B2A12522A00AB9E8B /* CustomerView.swift in Sources */ = {isa = PBXBuildFile; fileRef = 0C64FB3A2A12522A00AB9E8B /* CustomerView.swift */; };
		0C64FB3D2A12753600AB9E8B /* CreateCustomerView.swift in Sources */ = {isa = PBXBuildFile; fileRef = 0C64FB3C2A12753600AB9E8B /* CreateCustomerView.swift */; };
		0C75F8302A24F88400CB6499 /* ManageOrdersView.swift in Sources */ = {isa = PBXBuildFile; fileRef = 0C75F82F2A24F88400CB6499 /* ManageOrdersView.swift */; };
		0C75F8322A2893F700CB6499 /* ManageCustomerView.swift in Sources */ = {isa = PBXBuildFile; fileRef = 0C75F8312A2893F700CB6499 /* ManageCustomerView.swift */; };
		0CD28CD82A0CCBB500481B9D /* Customer.swift in Sources */ = {isa = PBXBuildFile; fileRef = 0CD28CD72A0CCBB500481B9D /* Customer.swift */; };
		0CD28CDA2A0CCBCD00481B9D /* Order.swift in Sources */ = {isa = PBXBuildFile; fileRef = 0CD28CD92A0CCBCD00481B9D /* Order.swift */; };
		0CD28CDD2A0CD4A500481B9D /* MainView.swift in Sources */ = {isa = PBXBuildFile; fileRef = 0CD28CDC2A0CD4A500481B9D /* MainView.swift */; };
		0CD28CE12A0D0FB200481B9D /* CustomButtonStyle1.swift in Sources */ = {isa = PBXBuildFile; fileRef = 0CD28CE02A0D0FB200481B9D /* CustomButtonStyle1.swift */; };
		0CD28CE32A0D126900481B9D /* CustomButtonStyle2.swift in Sources */ = {isa = PBXBuildFile; fileRef = 0CD28CE22A0D126900481B9D /* CustomButtonStyle2.swift */; };
		5F8C2AB22A1B910500EAB420 /* createAccountView.swift in Sources */ = {isa = PBXBuildFile; fileRef = 5F8C2AB12A1B910500EAB420 /* createAccountView.swift */; };
		5FE40DAE2A124D2400D5539C /* AddOrderView.swift in Sources */ = {isa = PBXBuildFile; fileRef = 5FE40DAD2A124D2400D5539C /* AddOrderView.swift */; };
		7D20F7372A15122900C66167 /* SignOfOrderView.swift in Sources */ = {isa = PBXBuildFile; fileRef = 7D20F7362A15122900C66167 /* SignOfOrderView.swift */; };
		7D20F73A2A15127F00C66167 /* AppExtensions.swift in Sources */ = {isa = PBXBuildFile; fileRef = 7D20F7392A15127F00C66167 /* AppExtensions.swift */; };
		7D20F73C2A15158400C66167 /* CustomButtonStyleDisabledable.swift in Sources */ = {isa = PBXBuildFile; fileRef = 7D20F73B2A15158400C66167 /* CustomButtonStyleDisabledable.swift */; };
		7D20F7412A15223700C66167 /* DeviceShakeModifier.swift in Sources */ = {isa = PBXBuildFile; fileRef = 7D20F7402A15223700C66167 /* DeviceShakeModifier.swift */; };
		7D20F7432A15224500C66167 /* ToastModifier.swift in Sources */ = {isa = PBXBuildFile; fileRef = 7D20F7422A15224500C66167 /* ToastModifier.swift */; };
		7D20F74B2A15E51A00C66167 /* SignedFormResult.swift in Sources */ = {isa = PBXBuildFile; fileRef = 7D20F74A2A15E51A00C66167 /* SignedFormResult.swift */; };
		7D29E0E22A165FF2003E0BE8 /* AppDelegate.swift in Sources */ = {isa = PBXBuildFile; fileRef = 7D29E0E12A165FF2003E0BE8 /* AppDelegate.swift */; };
		7D29E0E42A1782BD003E0BE8 /* QrCameraPreView.swift in Sources */ = {isa = PBXBuildFile; fileRef = 7D29E0E32A1782BD003E0BE8 /* QrCameraPreView.swift */; };
		7D29E0E82A17CCF0003E0BE8 /* ScannerViewModel.swift in Sources */ = {isa = PBXBuildFile; fileRef = 7D29E0E72A17CCF0003E0BE8 /* ScannerViewModel.swift */; };
		7D29E0EA2A17CD56003E0BE8 /* QrView.swift in Sources */ = {isa = PBXBuildFile; fileRef = 7D29E0E92A17CD56003E0BE8 /* QrView.swift */; };
		7D29E0EC2A17CDE3003E0BE8 /* QrScannerView.swift in Sources */ = {isa = PBXBuildFile; fileRef = 7D29E0EB2A17CDE3003E0BE8 /* QrScannerView.swift */; };
		7D29E0EE2A17CE51003E0BE8 /* QrCameraDelegate.swift in Sources */ = {isa = PBXBuildFile; fileRef = 7D29E0ED2A17CE51003E0BE8 /* QrCameraDelegate.swift */; };
		7D29E0F22A1A4419003E0BE8 /* QrCode.swift in Sources */ = {isa = PBXBuildFile; fileRef = 7D29E0F12A1A4419003E0BE8 /* QrCode.swift */; };
		7D29E0F82A1BC866003E0BE8 /* UserRole.swift in Sources */ = {isa = PBXBuildFile; fileRef = 7D29E0F72A1BC866003E0BE8 /* UserRole.swift */; };
		7D29E0FC2A1BC933003E0BE8 /* AdminView.swift in Sources */ = {isa = PBXBuildFile; fileRef = 7D29E0FB2A1BC933003E0BE8 /* AdminView.swift */; };
		7D29E0FF2A1FBAFD003E0BE8 /* SwiftSMTP in Frameworks */ = {isa = PBXBuildFile; productRef = 7D29E0FE2A1FBAFD003E0BE8 /* SwiftSMTP */; };
		7D29E1012A1FBB18003E0BE8 /* MailManager.swift in Sources */ = {isa = PBXBuildFile; fileRef = 7D29E1002A1FBB18003E0BE8 /* MailManager.swift */; };
		7D53026A2A0952D4005EAAD0 /* FSMP_DELIVERYApp.swift in Sources */ = {isa = PBXBuildFile; fileRef = 7D5302692A0952D4005EAAD0 /* FSMP_DELIVERYApp.swift */; };
		7D53026C2A0952D4005EAAD0 /* ContentView.swift in Sources */ = {isa = PBXBuildFile; fileRef = 7D53026B2A0952D4005EAAD0 /* ContentView.swift */; };
		7D53026E2A0952D5005EAAD0 /* Assets.xcassets in Resources */ = {isa = PBXBuildFile; fileRef = 7D53026D2A0952D5005EAAD0 /* Assets.xcassets */; };
		7D5302712A0952D5005EAAD0 /* Preview Assets.xcassets in Resources */ = {isa = PBXBuildFile; fileRef = 7D5302702A0952D5005EAAD0 /* Preview Assets.xcassets */; };
		7D5302792A09549E005EAAD0 /* FirebaseAuth in Frameworks */ = {isa = PBXBuildFile; productRef = 7D5302782A09549E005EAAD0 /* FirebaseAuth */; };
		7D53027B2A09549E005EAAD0 /* FirebaseDatabase in Frameworks */ = {isa = PBXBuildFile; productRef = 7D53027A2A09549E005EAAD0 /* FirebaseDatabase */; };
		7D53027D2A09549E005EAAD0 /* FirebaseDatabaseSwift in Frameworks */ = {isa = PBXBuildFile; productRef = 7D53027C2A09549E005EAAD0 /* FirebaseDatabaseSwift */; };
		7D53027F2A09549E005EAAD0 /* FirebaseFirestore in Frameworks */ = {isa = PBXBuildFile; productRef = 7D53027E2A09549E005EAAD0 /* FirebaseFirestore */; };
		7D5302812A09549E005EAAD0 /* FirebaseFirestoreSwift in Frameworks */ = {isa = PBXBuildFile; productRef = 7D5302802A09549E005EAAD0 /* FirebaseFirestoreSwift */; };
		7D5302832A09549E005EAAD0 /* FirebaseMessaging in Frameworks */ = {isa = PBXBuildFile; productRef = 7D5302822A09549E005EAAD0 /* FirebaseMessaging */; };
		7D5302852A09549E005EAAD0 /* FirebaseStorage in Frameworks */ = {isa = PBXBuildFile; productRef = 7D5302842A09549E005EAAD0 /* FirebaseStorage */; };
		7D5302912A095E59005EAAD0 /* GoogleService-Info.plist in Resources */ = {isa = PBXBuildFile; fileRef = 7D5302902A095E59005EAAD0 /* GoogleService-Info.plist */; };
		7D5302942A0963C0005EAAD0 /* FirebaseAuth.swift in Sources */ = {isa = PBXBuildFile; fileRef = 7D5302932A0963C0005EAAD0 /* FirebaseAuth.swift */; };
		7D5302992A096F3A005EAAD0 /* FirestoreRepository.swift in Sources */ = {isa = PBXBuildFile; fileRef = 7D5302982A096F3A005EAAD0 /* FirestoreRepository.swift */; };
		7D53029B2A097259005EAAD0 /* FirestoreViewModel.swift in Sources */ = {isa = PBXBuildFile; fileRef = 7D53029A2A097259005EAAD0 /* FirestoreViewModel.swift */; };
		7D5302A02A097417005EAAD0 /* User.swift in Sources */ = {isa = PBXBuildFile; fileRef = 7D53029F2A097417005EAAD0 /* User.swift */; };
		7D5302A22A097422005EAAD0 /* Company.swift in Sources */ = {isa = PBXBuildFile; fileRef = 7D5302A12A097422005EAAD0 /* Company.swift */; };
		7DE7607D2A1FD905000F49CB /* Credentials.swift in Sources */ = {isa = PBXBuildFile; fileRef = 7DE7607C2A1FD905000F49CB /* Credentials.swift */; };
		7DE7607F2A20E881000F49CB /* OrderType.swift in Sources */ = {isa = PBXBuildFile; fileRef = 7DE7607E2A20E881000F49CB /* OrderType.swift */; };
		7DE760832A216279000F49CB /* PDFKitView.swift in Sources */ = {isa = PBXBuildFile; fileRef = 7DE760822A216279000F49CB /* PDFKitView.swift */; };
		7DE760852A238425000F49CB /* LoadingView.swift in Sources */ = {isa = PBXBuildFile; fileRef = 7DE760842A238425000F49CB /* LoadingView.swift */; };
		7DE760872A25398F000F49CB /* CustomButtonStyleGradient.swift in Sources */ = {isa = PBXBuildFile; fileRef = 7DE760862A25398F000F49CB /* CustomButtonStyleGradient.swift */; };
		7DE760892A26684B000F49CB /* FirebaseError.swift in Sources */ = {isa = PBXBuildFile; fileRef = 7DE760882A26684B000F49CB /* FirebaseError.swift */; };
		7DE7608B2A268B6C000F49CB /* ProgressViewVar.swift in Sources */ = {isa = PBXBuildFile; fileRef = 7DE7608A2A268B6C000F49CB /* ProgressViewVar.swift */; };
		AFC1D9862A164A140065FCAD /* MapView.swift in Sources */ = {isa = PBXBuildFile; fileRef = AFC1D9852A164A140065FCAD /* MapView.swift */; };
		AFC1D9882A164A4C0065FCAD /* Map.swift in Sources */ = {isa = PBXBuildFile; fileRef = AFC1D9872A164A4C0065FCAD /* Map.swift */; };
		AFC1D98C2A166C8D0065FCAD /* LocationManager.swift in Sources */ = {isa = PBXBuildFile; fileRef = AFC1D98B2A166C8D0065FCAD /* LocationManager.swift */; };
		AFC1D98E2A24EF710065FCAD /* LocationSearchView.swift in Sources */ = {isa = PBXBuildFile; fileRef = AFC1D98D2A24EF710065FCAD /* LocationSearchView.swift */; };
		AFC1D9902A24F9390065FCAD /* LocationSearchResultCell.swift in Sources */ = {isa = PBXBuildFile; fileRef = AFC1D98F2A24F9390065FCAD /* LocationSearchResultCell.swift */; };
		AFC1D9922A251DAA0065FCAD /* LocationSearchViewModel.swift in Sources */ = {isa = PBXBuildFile; fileRef = AFC1D9912A251DAA0065FCAD /* LocationSearchViewModel.swift */; };
/* End PBXBuildFile section */

/* Begin PBXFileReference section */
		0C64FB382A0E1E1600AB9E8B /* SideMenuView.swift */ = {isa = PBXFileReference; lastKnownFileType = sourcecode.swift; path = SideMenuView.swift; sourceTree = "<group>"; };
		0C64FB3A2A12522A00AB9E8B /* CustomerView.swift */ = {isa = PBXFileReference; lastKnownFileType = sourcecode.swift; path = CustomerView.swift; sourceTree = "<group>"; };
		0C64FB3C2A12753600AB9E8B /* CreateCustomerView.swift */ = {isa = PBXFileReference; lastKnownFileType = sourcecode.swift; path = CreateCustomerView.swift; sourceTree = "<group>"; };
		0C75F82F2A24F88400CB6499 /* ManageOrdersView.swift */ = {isa = PBXFileReference; lastKnownFileType = sourcecode.swift; path = ManageOrdersView.swift; sourceTree = "<group>"; };
		0C75F8312A2893F700CB6499 /* ManageCustomerView.swift */ = {isa = PBXFileReference; lastKnownFileType = sourcecode.swift; path = ManageCustomerView.swift; sourceTree = "<group>"; };
		0CD28CD72A0CCBB500481B9D /* Customer.swift */ = {isa = PBXFileReference; lastKnownFileType = sourcecode.swift; path = Customer.swift; sourceTree = "<group>"; };
		0CD28CD92A0CCBCD00481B9D /* Order.swift */ = {isa = PBXFileReference; lastKnownFileType = sourcecode.swift; path = Order.swift; sourceTree = "<group>"; };
		0CD28CDC2A0CD4A500481B9D /* MainView.swift */ = {isa = PBXFileReference; lastKnownFileType = sourcecode.swift; path = MainView.swift; sourceTree = "<group>"; };
		0CD28CE02A0D0FB200481B9D /* CustomButtonStyle1.swift */ = {isa = PBXFileReference; lastKnownFileType = sourcecode.swift; path = CustomButtonStyle1.swift; sourceTree = "<group>"; };
		0CD28CE22A0D126900481B9D /* CustomButtonStyle2.swift */ = {isa = PBXFileReference; lastKnownFileType = sourcecode.swift; path = CustomButtonStyle2.swift; sourceTree = "<group>"; };
		5F8C2AB12A1B910500EAB420 /* createAccountView.swift */ = {isa = PBXFileReference; lastKnownFileType = sourcecode.swift; path = createAccountView.swift; sourceTree = "<group>"; };
		5FE40DAD2A124D2400D5539C /* AddOrderView.swift */ = {isa = PBXFileReference; lastKnownFileType = sourcecode.swift; path = AddOrderView.swift; sourceTree = "<group>"; };
		7D20F7362A15122900C66167 /* SignOfOrderView.swift */ = {isa = PBXFileReference; lastKnownFileType = sourcecode.swift; path = SignOfOrderView.swift; sourceTree = "<group>"; };
		7D20F7392A15127F00C66167 /* AppExtensions.swift */ = {isa = PBXFileReference; lastKnownFileType = sourcecode.swift; path = AppExtensions.swift; sourceTree = "<group>"; };
		7D20F73B2A15158400C66167 /* CustomButtonStyleDisabledable.swift */ = {isa = PBXFileReference; lastKnownFileType = sourcecode.swift; path = CustomButtonStyleDisabledable.swift; sourceTree = "<group>"; };
		7D20F7402A15223700C66167 /* DeviceShakeModifier.swift */ = {isa = PBXFileReference; lastKnownFileType = sourcecode.swift; path = DeviceShakeModifier.swift; sourceTree = "<group>"; };
		7D20F7422A15224500C66167 /* ToastModifier.swift */ = {isa = PBXFileReference; lastKnownFileType = sourcecode.swift; path = ToastModifier.swift; sourceTree = "<group>"; };
		7D20F74A2A15E51A00C66167 /* SignedFormResult.swift */ = {isa = PBXFileReference; lastKnownFileType = sourcecode.swift; path = SignedFormResult.swift; sourceTree = "<group>"; };
		7D29E0E02A165D75003E0BE8 /* FSMP_DELIVERY.entitlements */ = {isa = PBXFileReference; lastKnownFileType = text.plist.entitlements; path = FSMP_DELIVERY.entitlements; sourceTree = "<group>"; };
		7D29E0E12A165FF2003E0BE8 /* AppDelegate.swift */ = {isa = PBXFileReference; lastKnownFileType = sourcecode.swift; path = AppDelegate.swift; sourceTree = "<group>"; };
		7D29E0E32A1782BD003E0BE8 /* QrCameraPreView.swift */ = {isa = PBXFileReference; lastKnownFileType = sourcecode.swift; path = QrCameraPreView.swift; sourceTree = "<group>"; };
		7D29E0E72A17CCF0003E0BE8 /* ScannerViewModel.swift */ = {isa = PBXFileReference; lastKnownFileType = sourcecode.swift; path = ScannerViewModel.swift; sourceTree = "<group>"; };
		7D29E0E92A17CD56003E0BE8 /* QrView.swift */ = {isa = PBXFileReference; lastKnownFileType = sourcecode.swift; path = QrView.swift; sourceTree = "<group>"; };
		7D29E0EB2A17CDE3003E0BE8 /* QrScannerView.swift */ = {isa = PBXFileReference; lastKnownFileType = sourcecode.swift; path = QrScannerView.swift; sourceTree = "<group>"; };
		7D29E0ED2A17CE51003E0BE8 /* QrCameraDelegate.swift */ = {isa = PBXFileReference; lastKnownFileType = sourcecode.swift; path = QrCameraDelegate.swift; sourceTree = "<group>"; };
		7D29E0F12A1A4419003E0BE8 /* QrCode.swift */ = {isa = PBXFileReference; lastKnownFileType = sourcecode.swift; path = QrCode.swift; sourceTree = "<group>"; };
		7D29E0F72A1BC866003E0BE8 /* UserRole.swift */ = {isa = PBXFileReference; lastKnownFileType = sourcecode.swift; path = UserRole.swift; sourceTree = "<group>"; };
		7D29E0FB2A1BC933003E0BE8 /* AdminView.swift */ = {isa = PBXFileReference; lastKnownFileType = sourcecode.swift; path = AdminView.swift; sourceTree = "<group>"; };
		7D29E1002A1FBB18003E0BE8 /* MailManager.swift */ = {isa = PBXFileReference; lastKnownFileType = sourcecode.swift; path = MailManager.swift; sourceTree = "<group>"; };
		7D5302662A0952D4005EAAD0 /* FSMP_DELIVERY.app */ = {isa = PBXFileReference; explicitFileType = wrapper.application; includeInIndex = 0; path = FSMP_DELIVERY.app; sourceTree = BUILT_PRODUCTS_DIR; };
		7D5302692A0952D4005EAAD0 /* FSMP_DELIVERYApp.swift */ = {isa = PBXFileReference; lastKnownFileType = sourcecode.swift; path = FSMP_DELIVERYApp.swift; sourceTree = "<group>"; };
		7D53026B2A0952D4005EAAD0 /* ContentView.swift */ = {isa = PBXFileReference; lastKnownFileType = sourcecode.swift; path = ContentView.swift; sourceTree = "<group>"; };
		7D53026D2A0952D5005EAAD0 /* Assets.xcassets */ = {isa = PBXFileReference; lastKnownFileType = folder.assetcatalog; path = Assets.xcassets; sourceTree = "<group>"; };
		7D5302702A0952D5005EAAD0 /* Preview Assets.xcassets */ = {isa = PBXFileReference; lastKnownFileType = folder.assetcatalog; path = "Preview Assets.xcassets"; sourceTree = "<group>"; };
		7D5302862A0955C0005EAAD0 /* FSMP-DELIVERY-Info.plist */ = {isa = PBXFileReference; lastKnownFileType = text.plist; path = "FSMP-DELIVERY-Info.plist"; sourceTree = SOURCE_ROOT; };
		7D5302902A095E59005EAAD0 /* GoogleService-Info.plist */ = {isa = PBXFileReference; fileEncoding = 4; lastKnownFileType = text.plist.xml; path = "GoogleService-Info.plist"; sourceTree = "<group>"; };
		7D5302932A0963C0005EAAD0 /* FirebaseAuth.swift */ = {isa = PBXFileReference; lastKnownFileType = sourcecode.swift; path = FirebaseAuth.swift; sourceTree = "<group>"; };
		7D5302982A096F3A005EAAD0 /* FirestoreRepository.swift */ = {isa = PBXFileReference; lastKnownFileType = sourcecode.swift; path = FirestoreRepository.swift; sourceTree = "<group>"; };
		7D53029A2A097259005EAAD0 /* FirestoreViewModel.swift */ = {isa = PBXFileReference; lastKnownFileType = sourcecode.swift; path = FirestoreViewModel.swift; sourceTree = "<group>"; };
		7D53029F2A097417005EAAD0 /* User.swift */ = {isa = PBXFileReference; lastKnownFileType = sourcecode.swift; path = User.swift; sourceTree = "<group>"; };
		7D5302A12A097422005EAAD0 /* Company.swift */ = {isa = PBXFileReference; lastKnownFileType = sourcecode.swift; path = Company.swift; sourceTree = "<group>"; };
		7DE7607C2A1FD905000F49CB /* Credentials.swift */ = {isa = PBXFileReference; lastKnownFileType = sourcecode.swift; path = Credentials.swift; sourceTree = "<group>"; };
		7DE7607E2A20E881000F49CB /* OrderType.swift */ = {isa = PBXFileReference; lastKnownFileType = sourcecode.swift; path = OrderType.swift; sourceTree = "<group>"; };
		7DE760822A216279000F49CB /* PDFKitView.swift */ = {isa = PBXFileReference; lastKnownFileType = sourcecode.swift; path = PDFKitView.swift; sourceTree = "<group>"; };
		7DE760842A238425000F49CB /* LoadingView.swift */ = {isa = PBXFileReference; lastKnownFileType = sourcecode.swift; path = LoadingView.swift; sourceTree = "<group>"; };
		7DE760862A25398F000F49CB /* CustomButtonStyleGradient.swift */ = {isa = PBXFileReference; lastKnownFileType = sourcecode.swift; path = CustomButtonStyleGradient.swift; sourceTree = "<group>"; };
		7DE760882A26684B000F49CB /* FirebaseError.swift */ = {isa = PBXFileReference; lastKnownFileType = sourcecode.swift; path = FirebaseError.swift; sourceTree = "<group>"; };
		7DE7608A2A268B6C000F49CB /* ProgressViewVar.swift */ = {isa = PBXFileReference; lastKnownFileType = sourcecode.swift; path = ProgressViewVar.swift; sourceTree = "<group>"; };
		AFC1D9852A164A140065FCAD /* MapView.swift */ = {isa = PBXFileReference; lastKnownFileType = sourcecode.swift; path = MapView.swift; sourceTree = "<group>"; };
		AFC1D9872A164A4C0065FCAD /* Map.swift */ = {isa = PBXFileReference; lastKnownFileType = sourcecode.swift; path = Map.swift; sourceTree = "<group>"; };
		AFC1D98B2A166C8D0065FCAD /* LocationManager.swift */ = {isa = PBXFileReference; lastKnownFileType = sourcecode.swift; path = LocationManager.swift; sourceTree = "<group>"; };
		AFC1D98D2A24EF710065FCAD /* LocationSearchView.swift */ = {isa = PBXFileReference; lastKnownFileType = sourcecode.swift; path = LocationSearchView.swift; sourceTree = "<group>"; };
		AFC1D98F2A24F9390065FCAD /* LocationSearchResultCell.swift */ = {isa = PBXFileReference; lastKnownFileType = sourcecode.swift; path = LocationSearchResultCell.swift; sourceTree = "<group>"; };
		AFC1D9912A251DAA0065FCAD /* LocationSearchViewModel.swift */ = {isa = PBXFileReference; lastKnownFileType = sourcecode.swift; path = LocationSearchViewModel.swift; sourceTree = "<group>"; };
/* End PBXFileReference section */

/* Begin PBXFrameworksBuildPhase section */
		7D5302632A0952D4005EAAD0 /* Frameworks */ = {
			isa = PBXFrameworksBuildPhase;
			buildActionMask = 2147483647;
			files = (
				7D5302832A09549E005EAAD0 /* FirebaseMessaging in Frameworks */,
				7D5302812A09549E005EAAD0 /* FirebaseFirestoreSwift in Frameworks */,
				7D29E0FF2A1FBAFD003E0BE8 /* SwiftSMTP in Frameworks */,
				7D53027D2A09549E005EAAD0 /* FirebaseDatabaseSwift in Frameworks */,
				7D53027F2A09549E005EAAD0 /* FirebaseFirestore in Frameworks */,
				7D5302852A09549E005EAAD0 /* FirebaseStorage in Frameworks */,
				7D53027B2A09549E005EAAD0 /* FirebaseDatabase in Frameworks */,
				7D5302792A09549E005EAAD0 /* FirebaseAuth in Frameworks */,
			);
			runOnlyForDeploymentPostprocessing = 0;
		};
/* End PBXFrameworksBuildPhase section */

/* Begin PBXGroup section */
		0CD28CD62A0CCB6B00481B9D /* Models */ = {
			isa = PBXGroup;
			children = (
				0CD28CD72A0CCBB500481B9D /* Customer.swift */,
				0CD28CD92A0CCBCD00481B9D /* Order.swift */,
				AFC1D9872A164A4C0065FCAD /* Map.swift */,
				AFC1D98B2A166C8D0065FCAD /* LocationManager.swift */,
				7D29E1002A1FBB18003E0BE8 /* MailManager.swift */,
				AFC1D9912A251DAA0065FCAD /* LocationSearchViewModel.swift */,
			);
			path = Models;
			sourceTree = "<group>";
		};
		0CD28CDB2A0CD45800481B9D /* Views */ = {
			isa = PBXGroup;
			children = (
				7D53026B2A0952D4005EAAD0 /* ContentView.swift */,
				0CD28CDC2A0CD4A500481B9D /* MainView.swift */,
				0C64FB382A0E1E1600AB9E8B /* SideMenuView.swift */,
				5FE40DAD2A124D2400D5539C /* AddOrderView.swift */,
				0C64FB3A2A12522A00AB9E8B /* CustomerView.swift */,
				0C64FB3C2A12753600AB9E8B /* CreateCustomerView.swift */,
				7D20F7362A15122900C66167 /* SignOfOrderView.swift */,
				7D29E0E32A1782BD003E0BE8 /* QrCameraPreView.swift */,
				7D29E0E92A17CD56003E0BE8 /* QrView.swift */,
				7D29E0EB2A17CDE3003E0BE8 /* QrScannerView.swift */,
				AFC1D9852A164A140065FCAD /* MapView.swift */,
				5F8C2AB12A1B910500EAB420 /* createAccountView.swift */,
				7D29E0FB2A1BC933003E0BE8 /* AdminView.swift */,
				7DE760822A216279000F49CB /* PDFKitView.swift */,
				0C75F82F2A24F88400CB6499 /* ManageOrdersView.swift */,
				7DE760842A238425000F49CB /* LoadingView.swift */,
				AFC1D98D2A24EF710065FCAD /* LocationSearchView.swift */,
				AFC1D98F2A24F9390065FCAD /* LocationSearchResultCell.swift */,
				0C75F8312A2893F700CB6499 /* ManageCustomerView.swift */,
			);
			path = Views;
			sourceTree = "<group>";
		};
		0CD28CDF2A0D0F9900481B9D /* Styles */ = {
			isa = PBXGroup;
			children = (
				0CD28CE02A0D0FB200481B9D /* CustomButtonStyle1.swift */,
				0CD28CE22A0D126900481B9D /* CustomButtonStyle2.swift */,
				7D20F73B2A15158400C66167 /* CustomButtonStyleDisabledable.swift */,
				7DE760862A25398F000F49CB /* CustomButtonStyleGradient.swift */,
			);
			path = Styles;
			sourceTree = "<group>";
		};
		7D20F7382A15126C00C66167 /* Extensions */ = {
			isa = PBXGroup;
			children = (
				7D20F7392A15127F00C66167 /* AppExtensions.swift */,
			);
			path = Extensions;
			sourceTree = "<group>";
		};
		7D20F73D2A151B1700C66167 /* Modifier */ = {
			isa = PBXGroup;
			children = (
				7D20F7402A15223700C66167 /* DeviceShakeModifier.swift */,
				7D20F7422A15224500C66167 /* ToastModifier.swift */,
			);
			path = Modifier;
			sourceTree = "<group>";
		};
		7D20F7502A164AAD00C66167 /* Delegate */ = {
			isa = PBXGroup;
			children = (
				7D29E0E12A165FF2003E0BE8 /* AppDelegate.swift */,
				7D29E0ED2A17CE51003E0BE8 /* QrCameraDelegate.swift */,
			);
			path = Delegate;
			sourceTree = "<group>";
		};
		7D53025D2A0952D4005EAAD0 = {
			isa = PBXGroup;
			children = (
				7D5302682A0952D4005EAAD0 /* FSMP_DELIVERY */,
				7D5302672A0952D4005EAAD0 /* Products */,
			);
			sourceTree = "<group>";
		};
		7D5302672A0952D4005EAAD0 /* Products */ = {
			isa = PBXGroup;
			children = (
				7D5302662A0952D4005EAAD0 /* FSMP_DELIVERY.app */,
			);
			name = Products;
			sourceTree = "<group>";
		};
		7D5302682A0952D4005EAAD0 /* FSMP_DELIVERY */ = {
			isa = PBXGroup;
			children = (
				7D29E0E02A165D75003E0BE8 /* FSMP_DELIVERY.entitlements */,
				7D20F7502A164AAD00C66167 /* Delegate */,
				7D20F73D2A151B1700C66167 /* Modifier */,
				7D20F7382A15126C00C66167 /* Extensions */,
				7D5302692A0952D4005EAAD0 /* FSMP_DELIVERYApp.swift */,
				0CD28CDF2A0D0F9900481B9D /* Styles */,
				0CD28CDB2A0CD45800481B9D /* Views */,
				0CD28CD62A0CCB6B00481B9D /* Models */,
				7D53029E2A097406005EAAD0 /* Data */,
				7D5302922A0963AC005EAAD0 /* Observable */,
				7D5302862A0955C0005EAAD0 /* FSMP-DELIVERY-Info.plist */,
				7D5302902A095E59005EAAD0 /* GoogleService-Info.plist */,
				7D53026D2A0952D5005EAAD0 /* Assets.xcassets */,
				7D53026F2A0952D5005EAAD0 /* Preview Content */,
			);
			path = FSMP_DELIVERY;
			sourceTree = "<group>";
		};
		7D53026F2A0952D5005EAAD0 /* Preview Content */ = {
			isa = PBXGroup;
			children = (
				7D5302702A0952D5005EAAD0 /* Preview Assets.xcassets */,
			);
			path = "Preview Content";
			sourceTree = "<group>";
		};
		7D5302922A0963AC005EAAD0 /* Observable */ = {
			isa = PBXGroup;
			children = (
				7D5302932A0963C0005EAAD0 /* FirebaseAuth.swift */,
				7D5302982A096F3A005EAAD0 /* FirestoreRepository.swift */,
				7D53029A2A097259005EAAD0 /* FirestoreViewModel.swift */,
				7D29E0E72A17CCF0003E0BE8 /* ScannerViewModel.swift */,
			);
			path = Observable;
			sourceTree = "<group>";
		};
		7D53029E2A097406005EAAD0 /* Data */ = {
			isa = PBXGroup;
			children = (
				7D53029F2A097417005EAAD0 /* User.swift */,
				7D5302A12A097422005EAAD0 /* Company.swift */,
				7D20F74A2A15E51A00C66167 /* SignedFormResult.swift */,
				7D29E0F12A1A4419003E0BE8 /* QrCode.swift */,
				7D29E0F72A1BC866003E0BE8 /* UserRole.swift */,
				7DE7607C2A1FD905000F49CB /* Credentials.swift */,
				7DE7607E2A20E881000F49CB /* OrderType.swift */,
				7DE760882A26684B000F49CB /* FirebaseError.swift */,
				7DE7608A2A268B6C000F49CB /* ProgressViewVar.swift */,
			);
			path = Data;
			sourceTree = "<group>";
		};
/* End PBXGroup section */

/* Begin PBXNativeTarget section */
		7D5302652A0952D4005EAAD0 /* FSMP_DELIVERY */ = {
			isa = PBXNativeTarget;
			buildConfigurationList = 7D5302742A0952D5005EAAD0 /* Build configuration list for PBXNativeTarget "FSMP_DELIVERY" */;
			buildPhases = (
				7D5302622A0952D4005EAAD0 /* Sources */,
				7D5302632A0952D4005EAAD0 /* Frameworks */,
				7D5302642A0952D4005EAAD0 /* Resources */,
			);
			buildRules = (
			);
			dependencies = (
			);
			name = FSMP_DELIVERY;
			packageProductDependencies = (
				7D5302782A09549E005EAAD0 /* FirebaseAuth */,
				7D53027A2A09549E005EAAD0 /* FirebaseDatabase */,
				7D53027C2A09549E005EAAD0 /* FirebaseDatabaseSwift */,
				7D53027E2A09549E005EAAD0 /* FirebaseFirestore */,
				7D5302802A09549E005EAAD0 /* FirebaseFirestoreSwift */,
				7D5302822A09549E005EAAD0 /* FirebaseMessaging */,
				7D5302842A09549E005EAAD0 /* FirebaseStorage */,
				7D29E0FE2A1FBAFD003E0BE8 /* SwiftSMTP */,
			);
			productName = FSMP_DELIVERY;
			productReference = 7D5302662A0952D4005EAAD0 /* FSMP_DELIVERY.app */;
			productType = "com.apple.product-type.application";
		};
/* End PBXNativeTarget section */

/* Begin PBXProject section */
		7D53025E2A0952D4005EAAD0 /* Project object */ = {
			isa = PBXProject;
			attributes = {
				BuildIndependentTargetsInParallel = 1;
				LastSwiftUpdateCheck = 1420;
				LastUpgradeCheck = 1420;
				TargetAttributes = {
					7D5302652A0952D4005EAAD0 = {
						CreatedOnToolsVersion = 14.2;
					};
				};
			};
			buildConfigurationList = 7D5302612A0952D4005EAAD0 /* Build configuration list for PBXProject "FSMP_DELIVERY" */;
			compatibilityVersion = "Xcode 14.0";
			developmentRegion = en;
			hasScannedForEncodings = 0;
			knownRegions = (
				en,
				Base,
			);
			mainGroup = 7D53025D2A0952D4005EAAD0;
			packageReferences = (
				7D5302772A09549E005EAAD0 /* XCRemoteSwiftPackageReference "firebase-ios-sdk" */,
				7D29E0FD2A1FBAFD003E0BE8 /* XCRemoteSwiftPackageReference "Swift-SMTP" */,
			);
			productRefGroup = 7D5302672A0952D4005EAAD0 /* Products */;
			projectDirPath = "";
			projectRoot = "";
			targets = (
				7D5302652A0952D4005EAAD0 /* FSMP_DELIVERY */,
			);
		};
/* End PBXProject section */

/* Begin PBXResourcesBuildPhase section */
		7D5302642A0952D4005EAAD0 /* Resources */ = {
			isa = PBXResourcesBuildPhase;
			buildActionMask = 2147483647;
			files = (
				7D5302712A0952D5005EAAD0 /* Preview Assets.xcassets in Resources */,
				7D53026E2A0952D5005EAAD0 /* Assets.xcassets in Resources */,
				7D5302912A095E59005EAAD0 /* GoogleService-Info.plist in Resources */,
			);
			runOnlyForDeploymentPostprocessing = 0;
		};
/* End PBXResourcesBuildPhase section */

/* Begin PBXSourcesBuildPhase section */
		7D5302622A0952D4005EAAD0 /* Sources */ = {
			isa = PBXSourcesBuildPhase;
			buildActionMask = 2147483647;
			files = (
				7D29E0EC2A17CDE3003E0BE8 /* QrScannerView.swift in Sources */,
				7D29E0F82A1BC866003E0BE8 /* UserRole.swift in Sources */,
				7DE760872A25398F000F49CB /* CustomButtonStyleGradient.swift in Sources */,
				0C64FB3D2A12753600AB9E8B /* CreateCustomerView.swift in Sources */,
				7D20F74B2A15E51A00C66167 /* SignedFormResult.swift in Sources */,
				7D29E0F22A1A4419003E0BE8 /* QrCode.swift in Sources */,
				AFC1D9882A164A4C0065FCAD /* Map.swift in Sources */,
				7D5302942A0963C0005EAAD0 /* FirebaseAuth.swift in Sources */,
				7D53029B2A097259005EAAD0 /* FirestoreViewModel.swift in Sources */,
				0C75F8322A2893F700CB6499 /* ManageCustomerView.swift in Sources */,
				7DE7608B2A268B6C000F49CB /* ProgressViewVar.swift in Sources */,
				7D5302A02A097417005EAAD0 /* User.swift in Sources */,
				AFC1D9902A24F9390065FCAD /* LocationSearchResultCell.swift in Sources */,
				7D20F7432A15224500C66167 /* ToastModifier.swift in Sources */,
				0C64FB392A0E1E1600AB9E8B /* SideMenuView.swift in Sources */,
				0C64FB3B2A12522A00AB9E8B /* CustomerView.swift in Sources */,
				7D29E1012A1FBB18003E0BE8 /* MailManager.swift in Sources */,
				7DE760852A238425000F49CB /* LoadingView.swift in Sources */,
				0CD28CDD2A0CD4A500481B9D /* MainView.swift in Sources */,
				0CD28CDA2A0CCBCD00481B9D /* Order.swift in Sources */,
				0CD28CE32A0D126900481B9D /* CustomButtonStyle2.swift in Sources */,
				AFC1D9862A164A140065FCAD /* MapView.swift in Sources */,
				7D20F73A2A15127F00C66167 /* AppExtensions.swift in Sources */,
				0CD28CD82A0CCBB500481B9D /* Customer.swift in Sources */,
				7D53026C2A0952D4005EAAD0 /* ContentView.swift in Sources */,
				0C75F8302A24F88400CB6499 /* ManageOrdersView.swift in Sources */,
				7D29E0EA2A17CD56003E0BE8 /* QrView.swift in Sources */,
				7D29E0E22A165FF2003E0BE8 /* AppDelegate.swift in Sources */,
				7D5302A22A097422005EAAD0 /* Company.swift in Sources */,
				7DE760832A216279000F49CB /* PDFKitView.swift in Sources */,
				AFC1D98E2A24EF710065FCAD /* LocationSearchView.swift in Sources */,
				7DE760892A26684B000F49CB /* FirebaseError.swift in Sources */,
				5F8C2AB22A1B910500EAB420 /* createAccountView.swift in Sources */,
				7D29E0EE2A17CE51003E0BE8 /* QrCameraDelegate.swift in Sources */,
				7D29E0E42A1782BD003E0BE8 /* QrCameraPreView.swift in Sources */,
				AFC1D9922A251DAA0065FCAD /* LocationSearchViewModel.swift in Sources */,
				7D29E0FC2A1BC933003E0BE8 /* AdminView.swift in Sources */,
				7D53026A2A0952D4005EAAD0 /* FSMP_DELIVERYApp.swift in Sources */,
				7D20F7372A15122900C66167 /* SignOfOrderView.swift in Sources */,
				7DE7607F2A20E881000F49CB /* OrderType.swift in Sources */,
				7D29E0E82A17CCF0003E0BE8 /* ScannerViewModel.swift in Sources */,
				0CD28CE12A0D0FB200481B9D /* CustomButtonStyle1.swift in Sources */,
				7DE7607D2A1FD905000F49CB /* Credentials.swift in Sources */,
				7D5302992A096F3A005EAAD0 /* FirestoreRepository.swift in Sources */,
				5FE40DAE2A124D2400D5539C /* AddOrderView.swift in Sources */,
				7D20F7412A15223700C66167 /* DeviceShakeModifier.swift in Sources */,
				7D20F73C2A15158400C66167 /* CustomButtonStyleDisabledable.swift in Sources */,
				AFC1D98C2A166C8D0065FCAD /* LocationManager.swift in Sources */,
			);
			runOnlyForDeploymentPostprocessing = 0;
		};
/* End PBXSourcesBuildPhase section */

/* Begin XCBuildConfiguration section */
		7D5302722A0952D5005EAAD0 /* Debug */ = {
			isa = XCBuildConfiguration;
			buildSettings = {
				ALWAYS_SEARCH_USER_PATHS = NO;
				CLANG_ANALYZER_NONNULL = YES;
				CLANG_ANALYZER_NUMBER_OBJECT_CONVERSION = YES_AGGRESSIVE;
				CLANG_CXX_LANGUAGE_STANDARD = "gnu++20";
				CLANG_ENABLE_MODULES = YES;
				CLANG_ENABLE_OBJC_ARC = YES;
				CLANG_ENABLE_OBJC_WEAK = YES;
				CLANG_WARN_BLOCK_CAPTURE_AUTORELEASING = YES;
				CLANG_WARN_BOOL_CONVERSION = YES;
				CLANG_WARN_COMMA = YES;
				CLANG_WARN_CONSTANT_CONVERSION = YES;
				CLANG_WARN_DEPRECATED_OBJC_IMPLEMENTATIONS = YES;
				CLANG_WARN_DIRECT_OBJC_ISA_USAGE = YES_ERROR;
				CLANG_WARN_DOCUMENTATION_COMMENTS = YES;
				CLANG_WARN_EMPTY_BODY = YES;
				CLANG_WARN_ENUM_CONVERSION = YES;
				CLANG_WARN_INFINITE_RECURSION = YES;
				CLANG_WARN_INT_CONVERSION = YES;
				CLANG_WARN_NON_LITERAL_NULL_CONVERSION = YES;
				CLANG_WARN_OBJC_IMPLICIT_RETAIN_SELF = YES;
				CLANG_WARN_OBJC_LITERAL_CONVERSION = YES;
				CLANG_WARN_OBJC_ROOT_CLASS = YES_ERROR;
				CLANG_WARN_QUOTED_INCLUDE_IN_FRAMEWORK_HEADER = YES;
				CLANG_WARN_RANGE_LOOP_ANALYSIS = YES;
				CLANG_WARN_STRICT_PROTOTYPES = YES;
				CLANG_WARN_SUSPICIOUS_MOVE = YES;
				CLANG_WARN_UNGUARDED_AVAILABILITY = YES_AGGRESSIVE;
				CLANG_WARN_UNREACHABLE_CODE = YES;
				CLANG_WARN__DUPLICATE_METHOD_MATCH = YES;
				COPY_PHASE_STRIP = NO;
				DEBUG_INFORMATION_FORMAT = dwarf;
				ENABLE_STRICT_OBJC_MSGSEND = YES;
				ENABLE_TESTABILITY = YES;
				GCC_C_LANGUAGE_STANDARD = gnu11;
				GCC_DYNAMIC_NO_PIC = NO;
				GCC_NO_COMMON_BLOCKS = YES;
				GCC_OPTIMIZATION_LEVEL = 0;
				GCC_PREPROCESSOR_DEFINITIONS = (
					"DEBUG=1",
					"$(inherited)",
				);
				GCC_WARN_64_TO_32_BIT_CONVERSION = YES;
				GCC_WARN_ABOUT_RETURN_TYPE = YES_ERROR;
				GCC_WARN_UNDECLARED_SELECTOR = YES;
				GCC_WARN_UNINITIALIZED_AUTOS = YES_AGGRESSIVE;
				GCC_WARN_UNUSED_FUNCTION = YES;
				GCC_WARN_UNUSED_VARIABLE = YES;
				IPHONEOS_DEPLOYMENT_TARGET = 16.2;
				MTL_ENABLE_DEBUG_INFO = INCLUDE_SOURCE;
				MTL_FAST_MATH = YES;
				ONLY_ACTIVE_ARCH = YES;
				SDKROOT = iphoneos;
				SWIFT_ACTIVE_COMPILATION_CONDITIONS = DEBUG;
				SWIFT_OPTIMIZATION_LEVEL = "-Onone";
			};
			name = Debug;
		};
		7D5302732A0952D5005EAAD0 /* Release */ = {
			isa = XCBuildConfiguration;
			buildSettings = {
				ALWAYS_SEARCH_USER_PATHS = NO;
				CLANG_ANALYZER_NONNULL = YES;
				CLANG_ANALYZER_NUMBER_OBJECT_CONVERSION = YES_AGGRESSIVE;
				CLANG_CXX_LANGUAGE_STANDARD = "gnu++20";
				CLANG_ENABLE_MODULES = YES;
				CLANG_ENABLE_OBJC_ARC = YES;
				CLANG_ENABLE_OBJC_WEAK = YES;
				CLANG_WARN_BLOCK_CAPTURE_AUTORELEASING = YES;
				CLANG_WARN_BOOL_CONVERSION = YES;
				CLANG_WARN_COMMA = YES;
				CLANG_WARN_CONSTANT_CONVERSION = YES;
				CLANG_WARN_DEPRECATED_OBJC_IMPLEMENTATIONS = YES;
				CLANG_WARN_DIRECT_OBJC_ISA_USAGE = YES_ERROR;
				CLANG_WARN_DOCUMENTATION_COMMENTS = YES;
				CLANG_WARN_EMPTY_BODY = YES;
				CLANG_WARN_ENUM_CONVERSION = YES;
				CLANG_WARN_INFINITE_RECURSION = YES;
				CLANG_WARN_INT_CONVERSION = YES;
				CLANG_WARN_NON_LITERAL_NULL_CONVERSION = YES;
				CLANG_WARN_OBJC_IMPLICIT_RETAIN_SELF = YES;
				CLANG_WARN_OBJC_LITERAL_CONVERSION = YES;
				CLANG_WARN_OBJC_ROOT_CLASS = YES_ERROR;
				CLANG_WARN_QUOTED_INCLUDE_IN_FRAMEWORK_HEADER = YES;
				CLANG_WARN_RANGE_LOOP_ANALYSIS = YES;
				CLANG_WARN_STRICT_PROTOTYPES = YES;
				CLANG_WARN_SUSPICIOUS_MOVE = YES;
				CLANG_WARN_UNGUARDED_AVAILABILITY = YES_AGGRESSIVE;
				CLANG_WARN_UNREACHABLE_CODE = YES;
				CLANG_WARN__DUPLICATE_METHOD_MATCH = YES;
				COPY_PHASE_STRIP = NO;
				DEBUG_INFORMATION_FORMAT = "dwarf-with-dsym";
				ENABLE_NS_ASSERTIONS = NO;
				ENABLE_STRICT_OBJC_MSGSEND = YES;
				GCC_C_LANGUAGE_STANDARD = gnu11;
				GCC_NO_COMMON_BLOCKS = YES;
				GCC_WARN_64_TO_32_BIT_CONVERSION = YES;
				GCC_WARN_ABOUT_RETURN_TYPE = YES_ERROR;
				GCC_WARN_UNDECLARED_SELECTOR = YES;
				GCC_WARN_UNINITIALIZED_AUTOS = YES_AGGRESSIVE;
				GCC_WARN_UNUSED_FUNCTION = YES;
				GCC_WARN_UNUSED_VARIABLE = YES;
				IPHONEOS_DEPLOYMENT_TARGET = 16.2;
				MTL_ENABLE_DEBUG_INFO = NO;
				MTL_FAST_MATH = YES;
				SDKROOT = iphoneos;
				SWIFT_COMPILATION_MODE = wholemodule;
				SWIFT_OPTIMIZATION_LEVEL = "-O";
				VALIDATE_PRODUCT = YES;
			};
			name = Release;
		};
		7D5302752A0952D5005EAAD0 /* Debug */ = {
			isa = XCBuildConfiguration;
			buildSettings = {
				ASSETCATALOG_COMPILER_APPICON_NAME = AppIcon;
				ASSETCATALOG_COMPILER_GLOBAL_ACCENT_COLOR_NAME = AccentColor;
				CODE_SIGN_ENTITLEMENTS = FSMP_DELIVERY/FSMP_DELIVERY.entitlements;
				CODE_SIGN_STYLE = Automatic;
				CURRENT_PROJECT_VERSION = 1;
				DEVELOPMENT_ASSET_PATHS = "\"FSMP_DELIVERY/Preview Content\"";
				DEVELOPMENT_TEAM = 46XS2RD832;
				ENABLE_PREVIEWS = YES;
				GENERATE_INFOPLIST_FILE = YES;
				INFOPLIST_FILE = "FSMP-DELIVERY-Info.plist";
				INFOPLIST_KEY_NSCameraUsageDescription = "Permission needed to scan qr code";
				INFOPLIST_KEY_NSLocationUsageDescription = "Grant permission to get delivery route";
				INFOPLIST_KEY_NSLocationWhenInUseUsageDescription = "Permission to user your location";
				INFOPLIST_KEY_UIApplicationSceneManifest_Generation = YES;
				INFOPLIST_KEY_UIApplicationSupportsIndirectInputEvents = YES;
				INFOPLIST_KEY_UILaunchScreen_Generation = YES;
				INFOPLIST_KEY_UISupportedInterfaceOrientations_iPad = "UIInterfaceOrientationPortrait UIInterfaceOrientationPortraitUpsideDown UIInterfaceOrientationLandscapeLeft UIInterfaceOrientationLandscapeRight";
				INFOPLIST_KEY_UISupportedInterfaceOrientations_iPhone = "UIInterfaceOrientationPortrait UIInterfaceOrientationLandscapeLeft UIInterfaceOrientationLandscapeRight";
				LD_RUNPATH_SEARCH_PATHS = (
					"$(inherited)",
					"@executable_path/Frameworks",
				);
				MARKETING_VERSION = 1.0;
				PRODUCT_BUNDLE_IDENTIFIER = "com.sumpen99.FSMP-DELIVERY";
				PRODUCT_NAME = "$(TARGET_NAME)";
				SWIFT_EMIT_LOC_STRINGS = YES;
				SWIFT_VERSION = 5.0;
				TARGETED_DEVICE_FAMILY = "1,2";
			};
			name = Debug;
		};
		7D5302762A0952D5005EAAD0 /* Release */ = {
			isa = XCBuildConfiguration;
			buildSettings = {
				ASSETCATALOG_COMPILER_APPICON_NAME = AppIcon;
				ASSETCATALOG_COMPILER_GLOBAL_ACCENT_COLOR_NAME = AccentColor;
				CODE_SIGN_ENTITLEMENTS = FSMP_DELIVERY/FSMP_DELIVERY.entitlements;
				CODE_SIGN_STYLE = Automatic;
				CURRENT_PROJECT_VERSION = 1;
				DEVELOPMENT_ASSET_PATHS = "\"FSMP_DELIVERY/Preview Content\"";
				DEVELOPMENT_TEAM = 46XS2RD832;
				ENABLE_PREVIEWS = YES;
				GENERATE_INFOPLIST_FILE = YES;
				INFOPLIST_FILE = "FSMP-DELIVERY-Info.plist";
				INFOPLIST_KEY_NSCameraUsageDescription = "Permission needed to scan qr code";
				INFOPLIST_KEY_NSLocationUsageDescription = "Grant permission to get delivery route";
				INFOPLIST_KEY_NSLocationWhenInUseUsageDescription = "Permission to user your location";
				INFOPLIST_KEY_UIApplicationSceneManifest_Generation = YES;
				INFOPLIST_KEY_UIApplicationSupportsIndirectInputEvents = YES;
				INFOPLIST_KEY_UILaunchScreen_Generation = YES;
				INFOPLIST_KEY_UISupportedInterfaceOrientations_iPad = "UIInterfaceOrientationPortrait UIInterfaceOrientationPortraitUpsideDown UIInterfaceOrientationLandscapeLeft UIInterfaceOrientationLandscapeRight";
				INFOPLIST_KEY_UISupportedInterfaceOrientations_iPhone = "UIInterfaceOrientationPortrait UIInterfaceOrientationLandscapeLeft UIInterfaceOrientationLandscapeRight";
				LD_RUNPATH_SEARCH_PATHS = (
					"$(inherited)",
					"@executable_path/Frameworks",
				);
				MARKETING_VERSION = 1.0;
				PRODUCT_BUNDLE_IDENTIFIER = "com.sumpen99.FSMP-DELIVERY";
				PRODUCT_NAME = "$(TARGET_NAME)";
				SWIFT_EMIT_LOC_STRINGS = YES;
				SWIFT_VERSION = 5.0;
				TARGETED_DEVICE_FAMILY = "1,2";
			};
			name = Release;
		};
/* End XCBuildConfiguration section */

/* Begin XCConfigurationList section */
		7D5302612A0952D4005EAAD0 /* Build configuration list for PBXProject "FSMP_DELIVERY" */ = {
			isa = XCConfigurationList;
			buildConfigurations = (
				7D5302722A0952D5005EAAD0 /* Debug */,
				7D5302732A0952D5005EAAD0 /* Release */,
			);
			defaultConfigurationIsVisible = 0;
			defaultConfigurationName = Release;
		};
		7D5302742A0952D5005EAAD0 /* Build configuration list for PBXNativeTarget "FSMP_DELIVERY" */ = {
			isa = XCConfigurationList;
			buildConfigurations = (
				7D5302752A0952D5005EAAD0 /* Debug */,
				7D5302762A0952D5005EAAD0 /* Release */,
			);
			defaultConfigurationIsVisible = 0;
			defaultConfigurationName = Release;
		};
/* End XCConfigurationList section */

/* Begin XCRemoteSwiftPackageReference section */
		7D29E0FD2A1FBAFD003E0BE8 /* XCRemoteSwiftPackageReference "Swift-SMTP" */ = {
			isa = XCRemoteSwiftPackageReference;
			repositoryURL = "https://github.com/Kitura/Swift-SMTP";
			requirement = {
				kind = upToNextMajorVersion;
				minimumVersion = 6.0.0;
			};
		};
		7D5302772A09549E005EAAD0 /* XCRemoteSwiftPackageReference "firebase-ios-sdk" */ = {
			isa = XCRemoteSwiftPackageReference;
			repositoryURL = "https://github.com/firebase/firebase-ios-sdk";
			requirement = {
				kind = upToNextMajorVersion;
				minimumVersion = 9.0.0;
			};
		};
/* End XCRemoteSwiftPackageReference section */

/* Begin XCSwiftPackageProductDependency section */
		7D29E0FE2A1FBAFD003E0BE8 /* SwiftSMTP */ = {
			isa = XCSwiftPackageProductDependency;
			package = 7D29E0FD2A1FBAFD003E0BE8 /* XCRemoteSwiftPackageReference "Swift-SMTP" */;
			productName = SwiftSMTP;
		};
		7D5302782A09549E005EAAD0 /* FirebaseAuth */ = {
			isa = XCSwiftPackageProductDependency;
			package = 7D5302772A09549E005EAAD0 /* XCRemoteSwiftPackageReference "firebase-ios-sdk" */;
			productName = FirebaseAuth;
		};
		7D53027A2A09549E005EAAD0 /* FirebaseDatabase */ = {
			isa = XCSwiftPackageProductDependency;
			package = 7D5302772A09549E005EAAD0 /* XCRemoteSwiftPackageReference "firebase-ios-sdk" */;
			productName = FirebaseDatabase;
		};
		7D53027C2A09549E005EAAD0 /* FirebaseDatabaseSwift */ = {
			isa = XCSwiftPackageProductDependency;
			package = 7D5302772A09549E005EAAD0 /* XCRemoteSwiftPackageReference "firebase-ios-sdk" */;
			productName = FirebaseDatabaseSwift;
		};
		7D53027E2A09549E005EAAD0 /* FirebaseFirestore */ = {
			isa = XCSwiftPackageProductDependency;
			package = 7D5302772A09549E005EAAD0 /* XCRemoteSwiftPackageReference "firebase-ios-sdk" */;
			productName = FirebaseFirestore;
		};
		7D5302802A09549E005EAAD0 /* FirebaseFirestoreSwift */ = {
			isa = XCSwiftPackageProductDependency;
			package = 7D5302772A09549E005EAAD0 /* XCRemoteSwiftPackageReference "firebase-ios-sdk" */;
			productName = FirebaseFirestoreSwift;
		};
		7D5302822A09549E005EAAD0 /* FirebaseMessaging */ = {
			isa = XCSwiftPackageProductDependency;
			package = 7D5302772A09549E005EAAD0 /* XCRemoteSwiftPackageReference "firebase-ios-sdk" */;
			productName = FirebaseMessaging;
		};
		7D5302842A09549E005EAAD0 /* FirebaseStorage */ = {
			isa = XCSwiftPackageProductDependency;
			package = 7D5302772A09549E005EAAD0 /* XCRemoteSwiftPackageReference "firebase-ios-sdk" */;
			productName = FirebaseStorage;
		};
/* End XCSwiftPackageProductDependency section */
	};
	rootObject = 7D53025E2A0952D4005EAAD0 /* Project object */;
}
